
Microsoft Visual Studio Solution File, Format Version 12.00
# Visual Studio Version 17
VisualStudioVersion = 17.6.33829.357
MinimumVisualStudioVersion = 10.0.40219.1
Project("{FAE04EC0-301F-11D3-BF4B-00C04F79EFBC}") = "RealEstate_Dapper_Api", "RealEstate_Dapper_Api\RealEstate_Dapper_Api.csproj", "{84B90E0B-C9AA-4ABA-B282-2E3CBF3D7C44}"
EndProject
Project("{FAE04EC0-301F-11D3-BF4B-00C04F79EFBC}") = "RealEstate_Dapper_UI", "RealEstate_Dapper_UI\RealEstate_Dapper_UI.csproj", "{435A1BD0-21DE-413D-8FA7-83AB1F7ACC33}"
EndProject
Global
	GlobalSection(SolutionConfigurationPlatforms) = preSolution
		Debug|Any CPU = Debug|Any CPU
		Release|Any CPU = Release|Any CPU
	EndGlobalSection
	GlobalSection(ProjectConfigurationPlatforms) = postSolution
		{84B90E0B-C9AA-4ABA-B282-2E3CBF3D7C44}.Debug|Any CPU.ActiveCfg = Debug|Any CPU
		{84B90E0B-C9AA-4ABA-B282-2E3CBF3D7C44}.Debug|Any CPU.Build.0 = Debug|Any CPU
		{84B90E0B-C9AA-4ABA-B282-2E3CBF3D7C44}.Release|Any CPU.ActiveCfg = Release|Any CPU
		{84B90E0B-C9AA-4ABA-B282-2E3CBF3D7C44}.Release|Any CPU.Build.0 = Release|Any CPU
		{435A1BD0-21DE-413D-8FA7-83AB1F7ACC33}.Debug|Any CPU.ActiveCfg = Debug|Any CPU
		{435A1BD0-21DE-413D-8FA7-83AB1F7ACC33}.Debug|Any CPU.Build.0 = Debug|Any CPU
		{435A1BD0-21DE-413D-8FA7-83AB1F7ACC33}.Release|Any CPU.ActiveCfg = Release|Any CPU
		{435A1BD0-21DE-413D-8FA7-83AB1F7ACC33}.Release|Any CPU.Build.0 = Release|Any CPU
	EndGlobalSection
	GlobalSection(SolutionProperties) = preSolution
		HideSolutionNode = FALSE
	EndGlobalSection
	GlobalSection(ExtensibilityGlobals) = postSolution
		SolutionGuid = {FCBBE0CC-35A1-40C4-9325-1146FDC2A3AB}
	EndGlobalSection
EndGlobal
